{
  "name": "snowpack-jspdf",
  "version": "1.0.0",
  "lockfileVersion": 1,
  "requires": true,
  "dependencies": {
    "@babel/runtime-corejs3": {
      "version": "7.13.10",
      "resolved": "https://registry.npmjs.org/@babel/runtime-corejs3/-/runtime-corejs3-7.13.10.tgz",
      "integrity": "sha512-x/XYVQ1h684pp1mJwOV4CyvqZXqbc8CMsMGUnAbuc82ZCdv1U63w5RSUzgDSXQHG5Rps/kiksH6g2D5BuaKyXg==",
      "optional": true,
      "requires": {
        "core-js-pure": "^3.0.0",
        "regenerator-runtime": "^0.13.4"
      }
    },
    "@types/raf": {
      "version": "3.4.0",
      "resolved": "https://registry.npmjs.org/@types/raf/-/raf-3.4.0.tgz",
      "integrity": "sha512-taW5/WYqo36N7V39oYyHP9Ipfd5pNFvGTIQsNGj86xV88YQ7GnI30/yMfKDF7Zgin0m3e+ikX88FvImnK4RjGw==",
      "optional": true
    },
    "atob": {
      "version": "2.1.2",
      "resolved": "https://registry.npmjs.org/atob/-/atob-2.1.2.tgz",
      "integrity": "sha512-Wm6ukoaOGJi/73p/cl2GvLjTI5JM1k/O14isD73YML8StrH/7/lRFgmg8nICZgD3bZZvjwCGxtMOD3wWNAu8cg=="
    },
    "base64-arraybuffer": {
      "version": "0.2.0",
      "resolved": "https://registry.npmjs.org/base64-arraybuffer/-/base64-arraybuffer-0.2.0.tgz",
      "integrity": "sha512-7emyCsu1/xiBXgQZrscw/8KPRT44I4Yq9Pe6EGs3aPRTsWuggML1/1DTuZUuIaJPIm1FTDUVXl4x/yW8s0kQDQ==",
      "optional": true
    },
    "big-integer": {
      "version": "1.6.48",
      "resolved": "https://registry.npmjs.org/big-integer/-/big-integer-1.6.48.tgz",
      "integrity": "sha512-j51egjPa7/i+RdiRuJbPdJ2FIUYYPhvYLjzoYbcMMm62ooO6F94fETG4MTs46zPAF9Brs04OajboA/qTGuz78w==",
      "dev": true
    },
    "bplist-parser": {
      "version": "0.1.1",
      "resolved": "https://registry.npmjs.org/bplist-parser/-/bplist-parser-0.1.1.tgz",
      "integrity": "sha1-1g1dzCDLptx+HymbNdPh+V2vuuY=",
      "dev": true,
      "requires": {
        "big-integer": "^1.6.7"
      }
    },
    "btoa": {
      "version": "1.2.1",
      "resolved": "https://registry.npmjs.org/btoa/-/btoa-1.2.1.tgz",
      "integrity": "sha512-SB4/MIGlsiVkMcHmT+pSmIPoNDoHg+7cMzmt3Uxt628MTz2487DKSqK/fuhFBrkuqrYv5UCEnACpF4dTFNKc/g=="
    },
    "canvg": {
      "version": "3.0.7",
      "resolved": "https://registry.npmjs.org/canvg/-/canvg-3.0.7.tgz",
      "integrity": "sha512-4sq6iL5Q4VOXS3PL1BapiXIZItpxYyANVzsAKpTPS5oq4u3SKbGfUcbZh2gdLCQ3jWpG/y5wRkMlBBAJhXeiZA==",
      "optional": true,
      "requires": {
        "@babel/runtime-corejs3": "^7.9.6",
        "@types/raf": "^3.4.0",
        "raf": "^3.4.1",
        "rgbcolor": "^1.0.1",
        "stackblur-canvas": "^2.0.0",
        "svg-pathdata": "^5.0.5"
      }
    },
    "cli-spinners": {
      "version": "2.6.0",
      "resolved": "https://registry.npmjs.org/cli-spinners/-/cli-spinners-2.6.0.tgz",
      "integrity": "sha512-t+4/y50K/+4xcCRosKkA7W4gTr1MySvLV0q+PxmG7FJ5g+66ChKurYjxBCjHggHH3HA5Hh9cy+lcUGWDqVH+4Q==",
      "dev": true
    },
    "core-js": {
      "version": "3.10.1",
      "resolved": "https://registry.npmjs.org/core-js/-/core-js-3.10.1.tgz",
      "integrity": "sha512-pwCxEXnj27XG47mu7SXAwhLP3L5CrlvCB91ANUkIz40P27kUcvNfSdvyZJ9CLHiVoKSp+TTChMQMSKQEH/IQxA==",
      "optional": true
    },
    "core-js-pure": {
      "version": "3.10.1",
      "resolved": "https://registry.npmjs.org/core-js-pure/-/core-js-pure-3.10.1.tgz",
      "integrity": "sha512-PeyJH2SE0KuxY5eCGNWA+W+CeDpB6M1PN3S7Am7jSv/Ttuxz2SnWbIiVQOn/TDaGaGtxo8CRWHkXwJscbUHtVw==",
      "optional": true
    },
    "css-line-break": {
      "version": "1.1.1",
      "resolved": "https://registry.npmjs.org/css-line-break/-/css-line-break-1.1.1.tgz",
      "integrity": "sha512-1feNVaM4Fyzdj4mKPIQNL2n70MmuYzAXZ1aytlROFX1JsOo070OsugwGjj7nl6jnDJWHDM8zRZswkmeYVWZJQA==",
      "optional": true,
      "requires": {
        "base64-arraybuffer": "^0.2.0"
      }
    },
    "default-browser-id": {
      "version": "2.0.0",
      "resolved": "https://registry.npmjs.org/default-browser-id/-/default-browser-id-2.0.0.tgz",
      "integrity": "sha1-AezONxpx6F8VoXF354YwR+c9vn0=",
      "dev": true,
      "requires": {
        "bplist-parser": "^0.1.0",
        "pify": "^2.3.0",
        "untildify": "^2.0.0"
      }
    },
    "dompurify": {
      "version": "2.2.7",
      "resolved": "https://registry.npmjs.org/dompurify/-/dompurify-2.2.7.tgz",
      "integrity": "sha512-jdtDffdGNY+C76jvodNTu9jt5yYj59vuTUyx+wXdzcSwAGTYZDAQkQ7Iwx9zcGrA4ixC1syU4H3RZROqRxokxg==",
      "optional": true
    },
    "esbuild": {
      "version": "0.9.7",
      "resolved": "https://registry.npmjs.org/esbuild/-/esbuild-0.9.7.tgz",
      "integrity": "sha512-VtUf6aQ89VTmMLKrWHYG50uByMF4JQlVysb8dmg6cOgW8JnFCipmz7p+HNBl+RR3LLCuBxFGVauAe2wfnF9bLg==",
      "dev": true
    },
    "fdir": {
      "version": "5.0.0",
      "resolved": "https://registry.npmjs.org/fdir/-/fdir-5.0.0.tgz",
      "integrity": "sha512-cteqwWMA43lEmgwOg5HSdvhVFD39vHjQDhZkRMlKmeoNPtSSgUw1nUypydiY2upMdGiBFBZvNBDbnoBh0yCzaQ==",
      "dev": true
    },
    "fflate": {
      "version": "0.4.8",
      "resolved": "https://registry.npmjs.org/fflate/-/fflate-0.4.8.tgz",
      "integrity": "sha512-FJqqoDBR00Mdj9ppamLa/Y7vxm+PRmNWA67N846RvsoYVMKB4q3y/de5PA7gUmRMYK/8CMz2GDZQmCRN1wBcWA=="
    },
    "fsevents": {
      "version": "2.3.2",
      "resolved": "https://registry.npmjs.org/fsevents/-/fsevents-2.3.2.tgz",
      "integrity": "sha512-xiqMQR4xAeHTuB9uWm+fFRcIOgKBMiOBP+eXiyT7jsgVCq1bkVygt00oASowB7EdtpOHaaPgKt812P9ab+DDKA==",
      "dev": true,
      "optional": true
    },
    "function-bind": {
      "version": "1.1.1",
      "resolved": "https://registry.npmjs.org/function-bind/-/function-bind-1.1.1.tgz",
      "integrity": "sha512-yIovAzMX49sF8Yl58fSCWJ5svSLuaibPxXQJFLmBObTuCr0Mf1KiPopGM9NiFjiYBCbfaa2Fh6breQ6ANVTI0A==",
      "dev": true
    },
    "has": {
      "version": "1.0.3",
      "resolved": "https://registry.npmjs.org/has/-/has-1.0.3.tgz",
      "integrity": "sha512-f2dvO0VU6Oej7RkWJGrehjbzMAjFp5/VKPp5tTpWIV4JHHZK1/BxbFRtf/siA2SWTe09caDmVtYYzWEIbBS4zw==",
      "dev": true,
      "requires": {
        "function-bind": "^1.1.1"
      }
    },
    "html2canvas": {
      "version": "1.0.0-rc.7",
      "resolved": "https://registry.npmjs.org/html2canvas/-/html2canvas-1.0.0-rc.7.tgz",
      "integrity": "sha512-yvPNZGejB2KOyKleZspjK/NruXVQuowu8NnV2HYG7gW7ytzl+umffbtUI62v2dCHQLDdsK6HIDtyJZ0W3neerA==",
      "optional": true,
      "requires": {
        "css-line-break": "1.1.1"
      }
    },
    "is-core-module": {
      "version": "2.2.0",
      "resolved": "https://registry.npmjs.org/is-core-module/-/is-core-module-2.2.0.tgz",
      "integrity": "sha512-XRAfAdyyY5F5cOXn7hYQDqh2Xmii+DEfIcQGxK/uNwMHhIkPWO0g8msXcbzLe+MpGoR951MlqM/2iIlU4vKDdQ==",
      "dev": true,
      "requires": {
        "has": "^1.0.3"
      }
    },
    "is-docker": {
      "version": "2.2.1",
      "resolved": "https://registry.npmjs.org/is-docker/-/is-docker-2.2.1.tgz",
      "integrity": "sha512-F+i2BKsFrH66iaUFc0woD8sLy8getkwTwtOBjvs56Cx4CgJDeKQeqfz8wAYiSb8JOprWhHH5p77PbmYCvvUuXQ==",
      "dev": true
    },
    "is-wsl": {
      "version": "2.2.0",
      "resolved": "https://registry.npmjs.org/is-wsl/-/is-wsl-2.2.0.tgz",
      "integrity": "sha512-fKzAra0rGJUUBwGBgNkHZuToZcn+TtXHpeCgmkMJMMYx1sQDYaCSyjJBSCa2nH1DGm7s3n1oBnohoVTBaN7Lww==",
      "dev": true,
      "requires": {
        "is-docker": "^2.0.0"
      }
    },
    "jspdf": {
      "version": "2.3.1",
      "resolved": "https://registry.npmjs.org/jspdf/-/jspdf-2.3.1.tgz",
      "integrity": "sha512-1vp0USP1mQi1h7NKpwxjFgQkJ5ncZvtH858aLpycUc/M+r/RpWJT8PixAU7Cw/3fPd4fpC8eB/Bj42LnsR21YQ==",
      "requires": {
        "atob": "^2.1.2",
        "btoa": "^1.2.1",
        "canvg": "^3.0.6",
        "core-js": "^3.6.0",
        "dompurify": "^2.2.0",
        "fflate": "^0.4.8",
        "html2canvas": "^1.0.0-rc.5"
      }
    },
    "open": {
      "version": "7.4.2",
      "resolved": "https://registry.npmjs.org/open/-/open-7.4.2.tgz",
      "integrity": "sha512-MVHddDVweXZF3awtlAS+6pgKLlm/JgxZ90+/NBurBoQctVOOB/zDdVjcyPzQ+0laDGbsWgrRkflI65sQeOgT9Q==",
      "dev": true,
      "requires": {
        "is-docker": "^2.0.0",
        "is-wsl": "^2.1.1"
      }
    },
    "os-homedir": {
      "version": "1.0.2",
      "resolved": "https://registry.npmjs.org/os-homedir/-/os-homedir-1.0.2.tgz",
      "integrity": "sha1-/7xJiDNuDoM94MFox+8VISGqf7M=",
      "dev": true
    },
    "path-parse": {
      "version": "1.0.6",
      "resolved": "https://registry.npmjs.org/path-parse/-/path-parse-1.0.6.tgz",
      "integrity": "sha512-GSmOT2EbHrINBf9SR7CDELwlJ8AENk3Qn7OikK4nFYAu3Ote2+JYNVvkpAEQm3/TLNEJFD/xZJjzyxg3KBWOzw==",
      "dev": true
    },
    "performance-now": {
      "version": "2.1.0",
      "resolved": "https://registry.npmjs.org/performance-now/-/performance-now-2.1.0.tgz",
      "integrity": "sha1-Ywn04OX6kT7BxpMHrjZLSzd8nns=",
      "optional": true
    },
    "picomatch": {
      "version": "2.2.2",
      "resolved": "https://registry.npmjs.org/picomatch/-/picomatch-2.2.2.tgz",
      "integrity": "sha512-q0M/9eZHzmr0AulXyPwNfZjtwZ/RBZlbN3K3CErVrk50T2ASYI7Bye0EvekFY3IP1Nt2DHu0re+V2ZHIpMkuWg==",
      "dev": true
    },
    "pify": {
      "version": "2.3.0",
      "resolved": "https://registry.npmjs.org/pify/-/pify-2.3.0.tgz",
      "integrity": "sha1-7RQaasBDqEnqWISY59yosVMw6Qw=",
      "dev": true
    },
    "raf": {
      "version": "3.4.1",
      "resolved": "https://registry.npmjs.org/raf/-/raf-3.4.1.tgz",
      "integrity": "sha512-Sq4CW4QhwOHE8ucn6J34MqtZCeWFP2aQSmrlroYgqAV1PjStIhJXxYuTgUIfkEk7zTLjmIjLmU5q+fbD1NnOJA==",
      "optional": true,
      "requires": {
        "performance-now": "^2.1.0"
      }
    },
    "regenerator-runtime": {
      "version": "0.13.7",
      "resolved": "https://registry.npmjs.org/regenerator-runtime/-/regenerator-runtime-0.13.7.tgz",
      "integrity": "sha512-a54FxoJDIr27pgf7IgeQGxmqUNYrcV338lf/6gH456HZ/PhX+5BcwHXG9ajESmwe6WRO0tAzRUrRmNONWgkrew==",
      "optional": true
    },
    "resolve": {
      "version": "1.20.0",
      "resolved": "https://registry.npmjs.org/resolve/-/resolve-1.20.0.tgz",
      "integrity": "sha512-wENBPt4ySzg4ybFQW2TT1zMQucPK95HSh/nq2CFTZVOGut2+pQvSsgtda4d26YrYcr067wjbmzOG8byDPBX63A==",
      "dev": true,
      "requires": {
        "is-core-module": "^2.2.0",
        "path-parse": "^1.0.6"
      }
    },
    "rgbcolor": {
      "version": "1.0.1",
      "resolved": "https://registry.npmjs.org/rgbcolor/-/rgbcolor-1.0.1.tgz",
      "integrity": "sha1-1lBezbMEplldom+ktDMHMGd1lF0=",
      "optional": true
    },
    "rollup": {
      "version": "2.45.0",
      "resolved": "https://registry.npmjs.org/rollup/-/rollup-2.45.0.tgz",
      "integrity": "sha512-JJznbtGIsHZfKH0Sa9RpCAy5JarH8SWvBzRAGuRkgzAafb8e8D7VSMJ0O1Bsix1nn91koN/Ecvl2+ZWhljcuTw==",
      "dev": true,
      "requires": {
        "fsevents": "~2.3.1"
      }
    },
    "snowpack": {
      "version": "3.2.2",
      "resolved": "https://registry.npmjs.org/snowpack/-/snowpack-3.2.2.tgz",
      "integrity": "sha512-lt2FEFpvrWSBhFPlQxDr2hG7hnyucLEh7QSJqUUcAljrt8UoWJjTZlvZ4shGiJLkNjxMgGrJKj37y08/9OvXMw==",
      "dev": true,
      "requires": {
        "cli-spinners": "^2.5.0",
        "default-browser-id": "^2.0.0",
        "esbuild": "^0.9.3",
        "fdir": "^5.0.0",
        "fsevents": "^2.2.0",
        "open": "^7.0.4",
        "picomatch": "^2.2.2",
        "resolve": "^1.20.0",
        "rollup": "^2.34.0"
      }
    },
    "stackblur-canvas": {
      "version": "2.5.0",
      "resolved": "https://registry.npmjs.org/stackblur-canvas/-/stackblur-canvas-2.5.0.tgz",
      "integrity": "sha512-EeNzTVfj+1In7aSLPKDD03F/ly4RxEuF/EX0YcOG0cKoPXs+SLZxDawQbexQDBzwROs4VKLWTOaZQlZkGBFEIQ==",
      "optional": true
    },
    "svg-pathdata": {
      "version": "5.0.5",
      "resolved": "https://registry.npmjs.org/svg-pathdata/-/svg-pathdata-5.0.5.tgz",
      "integrity": "sha512-TAAvLNSE3fEhyl/Da19JWfMAdhSXTYeviXsLSoDT1UM76ADj5ndwAPX1FKQEgB/gFMPavOy6tOqfalXKUiXrow==",
      "optional": true
    },
    "untildify": {
      "version": "2.1.0",
      "resolved": "https://registry.npmjs.org/untildify/-/untildify-2.1.0.tgz",
      "integrity": "sha1-F+soB5h/dpUunASF/DEdBqgmouA=",
      "dev": true,
      "requires": {
        "os-homedir": "^1.0.0"
      }
    }
  }
}
